// !$*UTF8*$!
{
	archiveVersion = 1;
	classes = {
	};
	objectVersion = 50;
	objects = {

/* Begin PBXBuildFile section */
		3D7E46FE21A3E06B00DD20F3 /* IndividualListViewController.swift in Sources */ = {isa = PBXBuildFile; fileRef = 3D7E46FD21A3E06B00DD20F3 /* IndividualListViewController.swift */; };
		661C0D9521A2987600787382 /* RecipesViewController.swift in Sources */ = {isa = PBXBuildFile; fileRef = 661C0D9421A2987600787382 /* RecipesViewController.swift */; };
		661C0D9721A2988000787382 /* SettingsViewController.swift in Sources */ = {isa = PBXBuildFile; fileRef = 661C0D9621A2988000787382 /* SettingsViewController.swift */; };
		9C076867FCB15D543125888E /* Pods_App.framework in Frameworks */ = {isa = PBXBuildFile; fileRef = 6808E00D042A315B0AFFF865 /* Pods_App.framework */; };
		B28A14B521AF877000D5291D /* EditItemViewController.swift in Sources */ = {isa = PBXBuildFile; fileRef = B28A14B421AF877000D5291D /* EditItemViewController.swift */; };
		B28A14B721AF87AF00D5291D /* ProductModel.swift in Sources */ = {isa = PBXBuildFile; fileRef = B28A14B621AF87AF00D5291D /* ProductModel.swift */; };
		B2AE2DC821A0DA0300ECC3E2 /* PantryViewController.swift in Sources */ = {isa = PBXBuildFile; fileRef = B2AE2DC721A0DA0300ECC3E2 /* PantryViewController.swift */; };
		E4124CD021A0BC7C007EB2EF /* ShoppingListViewController.swift in Sources */ = {isa = PBXBuildFile; fileRef = E4124CCF21A0BC7C007EB2EF /* ShoppingListViewController.swift */; };
		E4767F1C21A0B44000C665D8 /* AppDelegate.swift in Sources */ = {isa = PBXBuildFile; fileRef = E4767F1B21A0B44000C665D8 /* AppDelegate.swift */; };
		E4767F2121A0B44000C665D8 /* Main.storyboard in Resources */ = {isa = PBXBuildFile; fileRef = E4767F1F21A0B44000C665D8 /* Main.storyboard */; };
		E4767F2321A0B44100C665D8 /* Assets.xcassets in Resources */ = {isa = PBXBuildFile; fileRef = E4767F2221A0B44100C665D8 /* Assets.xcassets */; };
		E4767F2621A0B44100C665D8 /* LaunchScreen.storyboard in Resources */ = {isa = PBXBuildFile; fileRef = E4767F2421A0B44100C665D8 /* LaunchScreen.storyboard */; };
/* End PBXBuildFile section */

/* Begin PBXFileReference section */
		3D7E46FD21A3E06B00DD20F3 /* IndividualListViewController.swift */ = {isa = PBXFileReference; fileEncoding = 4; lastKnownFileType = sourcecode.swift; path = IndividualListViewController.swift; sourceTree = "<group>"; };
		4FC35B75A26BA679451BBA6E /* Pods-App.debug.xcconfig */ = {isa = PBXFileReference; includeInIndex = 1; lastKnownFileType = text.xcconfig; name = "Pods-App.debug.xcconfig"; path = "Pods/Target Support Files/Pods-App/Pods-App.debug.xcconfig"; sourceTree = "<group>"; };
		661C0D9421A2987600787382 /* RecipesViewController.swift */ = {isa = PBXFileReference; lastKnownFileType = sourcecode.swift; path = RecipesViewController.swift; sourceTree = "<group>"; };
		661C0D9621A2988000787382 /* SettingsViewController.swift */ = {isa = PBXFileReference; lastKnownFileType = sourcecode.swift; path = SettingsViewController.swift; sourceTree = "<group>"; };
		6808E00D042A315B0AFFF865 /* Pods_App.framework */ = {isa = PBXFileReference; explicitFileType = wrapper.framework; includeInIndex = 0; path = Pods_App.framework; sourceTree = BUILT_PRODUCTS_DIR; };
		78F2B372CD27FB99408D381F /* Pods-App.release.xcconfig */ = {isa = PBXFileReference; includeInIndex = 1; lastKnownFileType = text.xcconfig; name = "Pods-App.release.xcconfig"; path = "Pods/Target Support Files/Pods-App/Pods-App.release.xcconfig"; sourceTree = "<group>"; };
		B28A14B421AF877000D5291D /* EditItemViewController.swift */ = {isa = PBXFileReference; lastKnownFileType = sourcecode.swift; path = EditItemViewController.swift; sourceTree = "<group>"; };
		B28A14B621AF87AF00D5291D /* ProductModel.swift */ = {isa = PBXFileReference; lastKnownFileType = sourcecode.swift; name = ProductModel.swift; path = App/Controllers/ProductModel.swift; sourceTree = SOURCE_ROOT; };
		B2AE2DC721A0DA0300ECC3E2 /* PantryViewController.swift */ = {isa = PBXFileReference; lastKnownFileType = sourcecode.swift; path = PantryViewController.swift; sourceTree = "<group>"; };
		E4124CCF21A0BC7C007EB2EF /* ShoppingListViewController.swift */ = {isa = PBXFileReference; lastKnownFileType = sourcecode.swift; path = ShoppingListViewController.swift; sourceTree = "<group>"; };
		E4767F1821A0B44000C665D8 /* App.app */ = {isa = PBXFileReference; explicitFileType = wrapper.application; includeInIndex = 0; path = App.app; sourceTree = BUILT_PRODUCTS_DIR; };
		E4767F1B21A0B44000C665D8 /* AppDelegate.swift */ = {isa = PBXFileReference; lastKnownFileType = sourcecode.swift; path = AppDelegate.swift; sourceTree = "<group>"; };
		E4767F2021A0B44000C665D8 /* Base */ = {isa = PBXFileReference; lastKnownFileType = file.storyboard; name = Base; path = Base.lproj/Main.storyboard; sourceTree = "<group>"; };
		E4767F2221A0B44100C665D8 /* Assets.xcassets */ = {isa = PBXFileReference; lastKnownFileType = folder.assetcatalog; path = Assets.xcassets; sourceTree = "<group>"; };
		E4767F2521A0B44100C665D8 /* Base */ = {isa = PBXFileReference; lastKnownFileType = file.storyboard; name = Base; path = Base.lproj/LaunchScreen.storyboard; sourceTree = "<group>"; };
		E4767F2721A0B44100C665D8 /* Info.plist */ = {isa = PBXFileReference; lastKnownFileType = text.plist.xml; path = Info.plist; sourceTree = "<group>"; };
/* End PBXFileReference section */

/* Begin PBXFrameworksBuildPhase section */
		E4767F1521A0B44000C665D8 /* Frameworks */ = {
			isa = PBXFrameworksBuildPhase;
			buildActionMask = 2147483647;
			files = (
				9C076867FCB15D543125888E /* Pods_App.framework in Frameworks */,
			);
			runOnlyForDeploymentPostprocessing = 0;
		};
/* End PBXFrameworksBuildPhase section */

/* Begin PBXGroup section */
		56CC6C4BF36AE566B63CA90D /* Frameworks */ = {
			isa = PBXGroup;
			children = (
				6808E00D042A315B0AFFF865 /* Pods_App.framework */,
			);
			name = Frameworks;
			sourceTree = "<group>";
		};
		B27AC0A521A0FFC400B7AB94 /* Controllers */ = {
			isa = PBXGroup;
			children = (
				3D7E46FD21A3E06B00DD20F3 /* IndividualListViewController.swift */,
				B2AE2DC721A0DA0300ECC3E2 /* PantryViewController.swift */,
				E4124CCF21A0BC7C007EB2EF /* ShoppingListViewController.swift */,
				661C0D9421A2987600787382 /* RecipesViewController.swift */,
				661C0D9621A2988000787382 /* SettingsViewController.swift */,
				B28A14B421AF877000D5291D /* EditItemViewController.swift */,
			);
			path = Controllers;
			sourceTree = "<group>";
		};
		B27AC0A621A1004F00B7AB94 /* Models */ = {
			isa = PBXGroup;
			children = (
				B28A14B621AF87AF00D5291D /* ProductModel.swift */,
			);
			path = Models;
			sourceTree = "<group>";
		};
		B27AC0A721A1005900B7AB94 /* View */ = {
			isa = PBXGroup;
			children = (
				E4767F2421A0B44100C665D8 /* LaunchScreen.storyboard */,
				E4767F1F21A0B44000C665D8 /* Main.storyboard */,
			);
			path = View;
			sourceTree = "<group>";
		};
		B27AC0A821A1007E00B7AB94 /* SupportFiles */ = {
			isa = PBXGroup;
			children = (
				E4767F2221A0B44100C665D8 /* Assets.xcassets */,
				E4767F1B21A0B44000C665D8 /* AppDelegate.swift */,
			);
			path = SupportFiles;
			sourceTree = "<group>";
		};
		DFC0D9F1EA1129EF66AC02FD /* Pods */ = {
			isa = PBXGroup;
			children = (
				4FC35B75A26BA679451BBA6E /* Pods-App.debug.xcconfig */,
				78F2B372CD27FB99408D381F /* Pods-App.release.xcconfig */,
			);
			name = Pods;
			sourceTree = "<group>";
		};
		E4767F0F21A0B44000C665D8 = {
			isa = PBXGroup;
			children = (
				E4767F1A21A0B44000C665D8 /* App */,
				E4767F1921A0B44000C665D8 /* Products */,
				DFC0D9F1EA1129EF66AC02FD /* Pods */,
				56CC6C4BF36AE566B63CA90D /* Frameworks */,
			);
			sourceTree = "<group>";
		};
		E4767F1921A0B44000C665D8 /* Products */ = {
			isa = PBXGroup;
			children = (
				E4767F1821A0B44000C665D8 /* App.app */,
			);
			name = Products;
			sourceTree = "<group>";
		};
		E4767F1A21A0B44000C665D8 /* App */ = {
			isa = PBXGroup;
			children = (
				B27AC0A521A0FFC400B7AB94 /* Controllers */,
				B27AC0A721A1005900B7AB94 /* View */,
				B27AC0A621A1004F00B7AB94 /* Models */,
				E4767F2721A0B44100C665D8 /* Info.plist */,
				B27AC0A821A1007E00B7AB94 /* SupportFiles */,
			);
			path = App;
			sourceTree = "<group>";
		};
/* End PBXGroup section */

/* Begin PBXNativeTarget section */
		E4767F1721A0B44000C665D8 /* App */ = {
			isa = PBXNativeTarget;
			buildConfigurationList = E4767F2A21A0B44100C665D8 /* Build configuration list for PBXNativeTarget "App" */;
			buildPhases = (
				3C7959265ECE6EE849B20E59 /* [CP] Check Pods Manifest.lock */,
				E4767F1421A0B44000C665D8 /* Sources */,
				E4767F1521A0B44000C665D8 /* Frameworks */,
				E4767F1621A0B44000C665D8 /* Resources */,
				FD405C930241ABD93C2A8605 /* [CP] Embed Pods Frameworks */,
			);
			buildRules = (
			);
			dependencies = (
			);
			name = App;
			productName = App;
			productReference = E4767F1821A0B44000C665D8 /* App.app */;
			productType = "com.apple.product-type.application";
		};
/* End PBXNativeTarget section */

/* Begin PBXProject section */
		E4767F1021A0B44000C665D8 /* Project object */ = {
			isa = PBXProject;
			attributes = {
				LastSwiftUpdateCheck = 1010;
				LastUpgradeCheck = 1010;
				ORGANIZATIONNAME = "Can I Graduate Already, LLC";
				TargetAttributes = {
					E4767F1721A0B44000C665D8 = {
						CreatedOnToolsVersion = 10.1;
					};
				};
			};
			buildConfigurationList = E4767F1321A0B44000C665D8 /* Build configuration list for PBXProject "App" */;
			compatibilityVersion = "Xcode 9.3";
			developmentRegion = en;
			hasScannedForEncodings = 0;
			knownRegions = (
				en,
				Base,
			);
			mainGroup = E4767F0F21A0B44000C665D8;
			productRefGroup = E4767F1921A0B44000C665D8 /* Products */;
			projectDirPath = "";
			projectRoot = "";
			targets = (
				E4767F1721A0B44000C665D8 /* App */,
			);
		};
/* End PBXProject section */

/* Begin PBXResourcesBuildPhase section */
		E4767F1621A0B44000C665D8 /* Resources */ = {
			isa = PBXResourcesBuildPhase;
			buildActionMask = 2147483647;
			files = (
				E4767F2621A0B44100C665D8 /* LaunchScreen.storyboard in Resources */,
				E4767F2321A0B44100C665D8 /* Assets.xcassets in Resources */,
				E4767F2121A0B44000C665D8 /* Main.storyboard in Resources */,
			);
			runOnlyForDeploymentPostprocessing = 0;
		};
/* End PBXResourcesBuildPhase section */

/* Begin PBXShellScriptBuildPhase section */
		3C7959265ECE6EE849B20E59 /* [CP] Check Pods Manifest.lock */ = {
			isa = PBXShellScriptBuildPhase;
			buildActionMask = 2147483647;
			files = (
			);
			inputFileListPaths = (
			);
			inputPaths = (
				"${PODS_PODFILE_DIR_PATH}/Podfile.lock",
				"${PODS_ROOT}/Manifest.lock",
			);
			name = "[CP] Check Pods Manifest.lock";
			outputFileListPaths = (
			);
			outputPaths = (
				"$(DERIVED_FILE_DIR)/Pods-App-checkManifestLockResult.txt",
			);
			runOnlyForDeploymentPostprocessing = 0;
			shellPath = /bin/sh;
			shellScript = "diff \"${PODS_PODFILE_DIR_PATH}/Podfile.lock\" \"${PODS_ROOT}/Manifest.lock\" > /dev/null\nif [ $? != 0 ] ; then\n    # print error to STDERR\n    echo \"error: The sandbox is not in sync with the Podfile.lock. Run 'pod install' or update your CocoaPods installation.\" >&2\n    exit 1\nfi\n# This output is used by Xcode 'outputs' to avoid re-running this script phase.\necho \"SUCCESS\" > \"${SCRIPT_OUTPUT_FILE_0}\"\n";
			showEnvVarsInLog = 0;
		};
		FD405C930241ABD93C2A8605 /* [CP] Embed Pods Frameworks */ = {
			isa = PBXShellScriptBuildPhase;
			buildActionMask = 2147483647;
			files = (
			);
			inputFileListPaths = (
			);
			inputPaths = (
				"${SRCROOT}/Pods/Target Support Files/Pods-App/Pods-App-frameworks.sh",
				"${BUILT_PRODUCTS_DIR}/DropDown/DropDown.framework",
				"${BUILT_PRODUCTS_DIR}/ViewAnimator/ViewAnimator.framework",
			);
			name = "[CP] Embed Pods Frameworks";
			outputFileListPaths = (
			);
			outputPaths = (
				"${TARGET_BUILD_DIR}/${FRAMEWORKS_FOLDER_PATH}/DropDown.framework",
				"${TARGET_BUILD_DIR}/${FRAMEWORKS_FOLDER_PATH}/ViewAnimator.framework",
			);
			runOnlyForDeploymentPostprocessing = 0;
			shellPath = /bin/sh;
			shellScript = "\"${SRCROOT}/Pods/Target Support Files/Pods-App/Pods-App-frameworks.sh\"\n";
			showEnvVarsInLog = 0;
		};
/* End PBXShellScriptBuildPhase section */

/* Begin PBXSourcesBuildPhase section */
		E4767F1421A0B44000C665D8 /* Sources */ = {
			isa = PBXSourcesBuildPhase;
			buildActionMask = 2147483647;
			files = (
				661C0D9521A2987600787382 /* RecipesViewController.swift in Sources */,
				B28A14B521AF877000D5291D /* EditItemViewController.swift in Sources */,
				B2AE2DC821A0DA0300ECC3E2 /* PantryViewController.swift in Sources */,
				E4124CD021A0BC7C007EB2EF /* ShoppingListViewController.swift in Sources */,
				3D7E46FE21A3E06B00DD20F3 /* IndividualListViewController.swift in Sources */,
				661C0D9721A2988000787382 /* SettingsViewController.swift in Sources */,
				E4767F1C21A0B44000C665D8 /* AppDelegate.swift in Sources */,
				B28A14B721AF87AF00D5291D /* ProductModel.swift in Sources */,
			);
			runOnlyForDeploymentPostprocessing = 0;
		};
/* End PBXSourcesBuildPhase section */

/* Begin PBXVariantGroup section */
		E4767F1F21A0B44000C665D8 /* Main.storyboard */ = {
			isa = PBXVariantGroup;
			children = (
				E4767F2021A0B44000C665D8 /* Base */,
			);
			name = Main.storyboard;
			sourceTree = "<group>";
		};
		E4767F2421A0B44100C665D8 /* LaunchScreen.storyboard */ = {
			isa = PBXVariantGroup;
			children = (
				E4767F2521A0B44100C665D8 /* Base */,
			);
			name = LaunchScreen.storyboard;
			sourceTree = "<group>";
		};
/* End PBXVariantGroup section */

/* Begin XCBuildConfiguration section */
		E4767F2821A0B44100C665D8 /* Debug */ = {
			isa = XCBuildConfiguration;
			buildSettings = {
				ALWAYS_SEARCH_USER_PATHS = NO;
				CLANG_ANALYZER_NONNULL = YES;
				CLANG_ANALYZER_NUMBER_OBJECT_CONVERSION = YES_AGGRESSIVE;
				CLANG_CXX_LANGUAGE_STANDARD = "gnu++14";
				CLANG_CXX_LIBRARY = "libc++";
				CLANG_ENABLE_MODULES = YES;
				CLANG_ENABLE_OBJC_ARC = YES;
				CLANG_ENABLE_OBJC_WEAK = YES;
				CLANG_WARN_BLOCK_CAPTURE_AUTORELEASING = YES;
				CLANG_WARN_BOOL_CONVERSION = YES;
				CLANG_WARN_COMMA = YES;
				CLANG_WARN_CONSTANT_CONVERSION = YES;
				CLANG_WARN_DEPRECATED_OBJC_IMPLEMENTATIONS = YES;
				CLANG_WARN_DIRECT_OBJC_ISA_USAGE = YES_ERROR;
				CLANG_WARN_DOCUMENTATION_COMMENTS = YES;
				CLANG_WARN_EMPTY_BODY = YES;
				CLANG_WARN_ENUM_CONVERSION = YES;
				CLANG_WARN_INFINITE_RECURSION = YES;
				CLANG_WARN_INT_CONVERSION = YES;
				CLANG_WARN_NON_LITERAL_NULL_CONVERSION = YES;
				CLANG_WARN_OBJC_IMPLICIT_RETAIN_SELF = YES;
				CLANG_WARN_OBJC_LITERAL_CONVERSION = YES;
				CLANG_WARN_OBJC_ROOT_CLASS = YES_ERROR;
				CLANG_WARN_RANGE_LOOP_ANALYSIS = YES;
				CLANG_WARN_STRICT_PROTOTYPES = YES;
				CLANG_WARN_SUSPICIOUS_MOVE = YES;
				CLANG_WARN_UNGUARDED_AVAILABILITY = YES_AGGRESSIVE;
				CLANG_WARN_UNREACHABLE_CODE = YES;
				CLANG_WARN__DUPLICATE_METHOD_MATCH = YES;
				CODE_SIGN_IDENTITY = "iPhone Developer";
				COPY_PHASE_STRIP = NO;
				DEBUG_INFORMATION_FORMAT = dwarf;
				ENABLE_STRICT_OBJC_MSGSEND = YES;
				ENABLE_TESTABILITY = YES;
				GCC_C_LANGUAGE_STANDARD = gnu11;
				GCC_DYNAMIC_NO_PIC = NO;
				GCC_NO_COMMON_BLOCKS = YES;
				GCC_OPTIMIZATION_LEVEL = 0;
				GCC_PREPROCESSOR_DEFINITIONS = (
					"DEBUG=1",
					"$(inherited)",
				);
				GCC_WARN_64_TO_32_BIT_CONVERSION = YES;
				GCC_WARN_ABOUT_RETURN_TYPE = YES_ERROR;
				GCC_WARN_UNDECLARED_SELECTOR = YES;
				GCC_WARN_UNINITIALIZED_AUTOS = YES_AGGRESSIVE;
				GCC_WARN_UNUSED_FUNCTION = YES;
				GCC_WARN_UNUSED_VARIABLE = YES;
				IPHONEOS_DEPLOYMENT_TARGET = 12.1;
				MTL_ENABLE_DEBUG_INFO = INCLUDE_SOURCE;
				MTL_FAST_MATH = YES;
				ONLY_ACTIVE_ARCH = YES;
				SDKROOT = iphoneos;
				SWIFT_ACTIVE_COMPILATION_CONDITIONS = DEBUG;
				SWIFT_OPTIMIZATION_LEVEL = "-Onone";
			};
			name = Debug;
		};
		E4767F2921A0B44100C665D8 /* Release */ = {
			isa = XCBuildConfiguration;
			buildSettings = {
				ALWAYS_SEARCH_USER_PATHS = NO;
				CLANG_ANALYZER_NONNULL = YES;
				CLANG_ANALYZER_NUMBER_OBJECT_CONVERSION = YES_AGGRESSIVE;
				CLANG_CXX_LANGUAGE_STANDARD = "gnu++14";
				CLANG_CXX_LIBRARY = "libc++";
				CLANG_ENABLE_MODULES = YES;
				CLANG_ENABLE_OBJC_ARC = YES;
				CLANG_ENABLE_OBJC_WEAK = YES;
				CLANG_WARN_BLOCK_CAPTURE_AUTORELEASING = YES;
				CLANG_WARN_BOOL_CONVERSION = YES;
				CLANG_WARN_COMMA = YES;
				CLANG_WARN_CONSTANT_CONVERSION = YES;
				CLANG_WARN_DEPRECATED_OBJC_IMPLEMENTATIONS = YES;
				CLANG_WARN_DIRECT_OBJC_ISA_USAGE = YES_ERROR;
				CLANG_WARN_DOCUMENTATION_COMMENTS = YES;
				CLANG_WARN_EMPTY_BODY = YES;
				CLANG_WARN_ENUM_CONVERSION = YES;
				CLANG_WARN_INFINITE_RECURSION = YES;
				CLANG_WARN_INT_CONVERSION = YES;
				CLANG_WARN_NON_LITERAL_NULL_CONVERSION = YES;
				CLANG_WARN_OBJC_IMPLICIT_RETAIN_SELF = YES;
				CLANG_WARN_OBJC_LITERAL_CONVERSION = YES;
				CLANG_WARN_OBJC_ROOT_CLASS = YES_ERROR;
				CLANG_WARN_RANGE_LOOP_ANALYSIS = YES;
				CLANG_WARN_STRICT_PROTOTYPES = YES;
				CLANG_WARN_SUSPICIOUS_MOVE = YES;
				CLANG_WARN_UNGUARDED_AVAILABILITY = YES_AGGRESSIVE;
				CLANG_WARN_UNREACHABLE_CODE = YES;
				CLANG_WARN__DUPLICATE_METHOD_MATCH = YES;
				CODE_SIGN_IDENTITY = "iPhone Developer";
				COPY_PHASE_STRIP = NO;
				DEBUG_INFORMATION_FORMAT = "dwarf-with-dsym";
				ENABLE_NS_ASSERTIONS = NO;
				ENABLE_STRICT_OBJC_MSGSEND = YES;
				GCC_C_LANGUAGE_STANDARD = gnu11;
				GCC_NO_COMMON_BLOCKS = YES;
				GCC_WARN_64_TO_32_BIT_CONVERSION = YES;
				GCC_WARN_ABOUT_RETURN_TYPE = YES_ERROR;
				GCC_WARN_UNDECLARED_SELECTOR = YES;
				GCC_WARN_UNINITIALIZED_AUTOS = YES_AGGRESSIVE;
				GCC_WARN_UNUSED_FUNCTION = YES;
				GCC_WARN_UNUSED_VARIABLE = YES;
				IPHONEOS_DEPLOYMENT_TARGET = 12.1;
				MTL_ENABLE_DEBUG_INFO = NO;
				MTL_FAST_MATH = YES;
				SDKROOT = iphoneos;
				SWIFT_COMPILATION_MODE = wholemodule;
				SWIFT_OPTIMIZATION_LEVEL = "-O";
				VALIDATE_PRODUCT = YES;
			};
			name = Release;
		};
		E4767F2B21A0B44100C665D8 /* Debug */ = {
			isa = XCBuildConfiguration;
			baseConfigurationReference = 4FC35B75A26BA679451BBA6E /* Pods-App.debug.xcconfig */;
			buildSettings = {
				ASSETCATALOG_COMPILER_APPICON_NAME = AppIcon;
				CODE_SIGN_STYLE = Automatic;
				DEVELOPMENT_TEAM = "";
				INFOPLIST_FILE = App/Info.plist;
				IPHONEOS_DEPLOYMENT_TARGET = 11.2;
				LD_RUNPATH_SEARCH_PATHS = (
					"$(inherited)",
					"@executable_path/Frameworks",
				);
				PRODUCT_BUNDLE_IDENTIFIER = ECS189E.App;
				PRODUCT_NAME = "$(TARGET_NAME)";
				SWIFT_VERSION = 4.2;
				TARGETED_DEVICE_FAMILY = 1;
			};
			name = Debug;
		};
		E4767F2C21A0B44100C665D8 /* Release */ = {
			isa = XCBuildConfiguration;
			baseConfigurationReference = 78F2B372CD27FB99408D381F /* Pods-App.release.xcconfig */;
			buildSettings = {
				ASSETCATALOG_COMPILER_APPICON_NAME = AppIcon;
				CODE_SIGN_STYLE = Automatic;
				DEVELOPMENT_TEAM = "";
				INFOPLIST_FILE = App/Info.plist;
				IPHONEOS_DEPLOYMENT_TARGET = 11.2;
				LD_RUNPATH_SEARCH_PATHS = (
					"$(inherited)",
					"@executable_path/Frameworks",
				);
				PRODUCT_BUNDLE_IDENTIFIER = ECS189E.App;
				PRODUCT_NAME = "$(TARGET_NAME)";
				SWIFT_VERSION = 4.2;
				TARGETED_DEVICE_FAMILY = 1;
			};
			name = Release;
		};
/* End XCBuildConfiguration section */

/* Begin XCConfigurationList section */
		E4767F1321A0B44000C665D8 /* Build configuration list for PBXProject "App" */ = {
			isa = XCConfigurationList;
			buildConfigurations = (
				E4767F2821A0B44100C665D8 /* Debug */,
				E4767F2921A0B44100C665D8 /* Release */,
			);
			defaultConfigurationIsVisible = 0;
			defaultConfigurationName = Release;
		};
		E4767F2A21A0B44100C665D8 /* Build configuration list for PBXNativeTarget "App" */ = {
			isa = XCConfigurationList;
			buildConfigurations = (
				E4767F2B21A0B44100C665D8 /* Debug */,
				E4767F2C21A0B44100C665D8 /* Release */,
			);
			defaultConfigurationIsVisible = 0;
			defaultConfigurationName = Release;
		};
/* End XCConfigurationList section */
	};
	rootObject = E4767F1021A0B44000C665D8 /* Project object */;
}
